<?xml version="1.0" encoding="utf-8"?>
<Project ToolsVersion="4.0" xmlns="http://schemas.microsoft.com/developer/msbuild/2003">
  <ItemGroup>
    <ClCompile Include="PSI\ECDH\EcdhPsiReceiver.cpp" />
    <ClCompile Include="PSI\ECDH\EcdhPsiSender.cpp" />
    <ClCompile Include="PSI\KkrtPsiReceiver.cpp" />
    <ClCompile Include="PSI\KkrtPsiSender.cpp" />
    <ClCompile Include="Tools\CuckooHasher.cpp" />
    <ClCompile Include="MPSI\Dcw\ShamirSSScheme.cpp" />
    <ClCompile Include="MPSI\Rr16\AknBfMPsiReceiver.cpp" />
    <ClCompile Include="MPSI\Rr16\AknBfMPsiSender.cpp" />
    <ClCompile Include="MPSI\Rr17\Rr17a\Rr17aMPsiReceiver.cpp" />
    <ClCompile Include="MPSI\Rr17\Rr17a\Rr17aMPsiSender.cpp" />
    <ClCompile Include="MPSI\Rr17\Rr17b\Rr17bMPsiReceiver.cpp" />
    <ClCompile Include="MPSI\Rr17\Rr17b\Rr17bMPsiSender.cpp" />
    <ClCompile Include="Tools\RandomShuffle.cpp" />
    <ClCompile Include="Tools\SimpleHasher.cpp" />
    <ClCompile Include="MPsi\DKT\DktMPsiReceiver.cpp" />
    <ClCompile Include="MPSI\DKT\DktMPsiSender.cpp" />
    <ClCompile Include="MPSI\Dcw\DcwBfPsiReceiver.cpp" />
    <ClCompile Include="MPSI\Dcw\DcwBfPsiSender.cpp" />
    <ClCompile Include="MPSI\Dcw\DcwRBfPsiReceiver.cpp" />
    <ClCompile Include="MPSI\Dcw\DcwRBfPsiSender.cpp" />
    <ClCompile Include="Tools\SimpleIndex.cpp" />
  </ItemGroup>
  <ItemGroup>
    <ClInclude Include="PSI\ECDH\EcdhPsiReceiver.h" />
    <ClInclude Include="PSI\ECDH\EcdhPsiSender.h" />
    <ClInclude Include="PSI\KkrtPsiReceiver.h" />
    <ClInclude Include="PSI\KkrtPsiSender.h" />
    <ClInclude Include="Tools\CuckooHasher.h" />
    <ClInclude Include="MPSI\Rr17\Rr17b\Rr17bMPsiReceiver.h" />
    <ClInclude Include="MPSI\Rr17\Rr17b\Rr17bMPsiSender.h" />
    <ClInclude Include="MPSI\Rr17\Rr17MPsiDefines.h" />
    <ClInclude Include="MPSI\Dcw\ShamirSSScheme.h" />
    <ClInclude Include="MPSI\Rr16\AknBfMPsiReceiver.h" />
    <ClInclude Include="MPSI\Rr16\AknBfMPsiSender.h" />
    <ClInclude Include="MPSI\Rr17\Rr17a\Rr17aMPsiReceiver.h" />
    <ClInclude Include="MPSI\Rr17\Rr17a\Rr17aMPsiSender.h" />
    <ClInclude Include="Tools\RandomShuffle.h" />
    <ClInclude Include="Tools\SimpleHasher.h" />
    <ClInclude Include="MPsi\DKT\DktMPsiReceiver.h" />
    <ClInclude Include="MPSI\DKT\DktMPsiSender.h" />
    <ClInclude Include="MPSI\Dcw\DcwBfPsiReceiver.h" />
    <ClInclude Include="MPSI\Dcw\DcwBfPsiSender.h" />
    <ClInclude Include="MPSI\Dcw\DcwRBfPsiReceiver.h" />
    <ClInclude Include="MPSI\Dcw\DcwRBfPsiSender.h" />
    <ClInclude Include="Tools\SimpleIndex.h" />
  </ItemGroup>
  <ItemGroup>
    <Text Include="CMakeLists.txt" />
  </ItemGroup>
</Project>